// !$*UTF8*$!
{
	archiveVersion = 1;
	classes = {
	};
	objectVersion = 46;
	objects = {

/* Begin PBXBuildFile section */
		9543569C1982A32900A0CECD /* main.c in Sources */ = {isa = PBXBuildFile; fileRef = 9543569B1982A32900A0CECD /* main.c */; };
		954356BE1982A44600A0CECD /* cweb_http.c in Sources */ = {isa = PBXBuildFile; fileRef = 954356B51982A44600A0CECD /* cweb_http.c */; };
		954356BF1982A44600A0CECD /* cweb_main.c in Sources */ = {isa = PBXBuildFile; fileRef = 954356B71982A44600A0CECD /* cweb_main.c */; };
		954356C01982A44600A0CECD /* cweb_object.c in Sources */ = {isa = PBXBuildFile; fileRef = 954356B91982A44600A0CECD /* cweb_object.c */; };
		954356C11982A44600A0CECD /* cweb_render.c in Sources */ = {isa = PBXBuildFile; fileRef = 954356BB1982A44600A0CECD /* cweb_render.c */; };
		9543575219866EDA00A0CECD /* makefile in Sources */ = {isa = PBXBuildFile; fileRef = 9543575119866EDA00A0CECD /* makefile */; };
/* End PBXBuildFile section */

/* Begin PBXCopyFilesBuildPhase section */
		9514FD4C1982A2DE006376F7 /* CopyFiles */ = {
			isa = PBXCopyFilesBuildPhase;
			buildActionMask = 2147483647;
			dstPath = /usr/share/man/man1/;
			dstSubfolderSpec = 0;
			files = (
			);
			runOnlyForDeploymentPostprocessing = 1;
		};
/* End PBXCopyFilesBuildPhase section */

/* Begin PBXFileReference section */
		9514FD4E1982A2DE006376F7 /* yutoridoor */ = {isa = PBXFileReference; explicitFileType = "compiled.mach-o.executable"; includeInIndex = 0; path = yutoridoor; sourceTree = BUILT_PRODUCTS_DIR; };
		9543569B1982A32900A0CECD /* main.c */ = {isa = PBXFileReference; fileEncoding = 4; lastKnownFileType = sourcecode.c.c; path = main.c; sourceTree = SOURCE_ROOT; };
		954356B51982A44600A0CECD /* cweb_http.c */ = {isa = PBXFileReference; fileEncoding = 4; lastKnownFileType = sourcecode.c.c; name = cweb_http.c; path = cweb/cweb_http.c; sourceTree = "<group>"; };
		954356B61982A44600A0CECD /* cweb_http.h */ = {isa = PBXFileReference; fileEncoding = 4; lastKnownFileType = sourcecode.c.h; name = cweb_http.h; path = cweb/cweb_http.h; sourceTree = "<group>"; };
		954356B71982A44600A0CECD /* cweb_main.c */ = {isa = PBXFileReference; fileEncoding = 4; lastKnownFileType = sourcecode.c.c; name = cweb_main.c; path = cweb/cweb_main.c; sourceTree = "<group>"; };
		954356B81982A44600A0CECD /* cweb_main.h */ = {isa = PBXFileReference; fileEncoding = 4; lastKnownFileType = sourcecode.c.h; name = cweb_main.h; path = cweb/cweb_main.h; sourceTree = "<group>"; };
		954356B91982A44600A0CECD /* cweb_object.c */ = {isa = PBXFileReference; fileEncoding = 4; lastKnownFileType = sourcecode.c.c; name = cweb_object.c; path = cweb/cweb_object.c; sourceTree = "<group>"; };
		954356BA1982A44600A0CECD /* cweb_object.h */ = {isa = PBXFileReference; fileEncoding = 4; lastKnownFileType = sourcecode.c.h; name = cweb_object.h; path = cweb/cweb_object.h; sourceTree = "<group>"; };
		954356BB1982A44600A0CECD /* cweb_render.c */ = {isa = PBXFileReference; fileEncoding = 4; lastKnownFileType = sourcecode.c.c; name = cweb_render.c; path = cweb/cweb_render.c; sourceTree = "<group>"; };
		954356BC1982A44600A0CECD /* cweb_render.h */ = {isa = PBXFileReference; fileEncoding = 4; lastKnownFileType = sourcecode.c.h; name = cweb_render.h; path = cweb/cweb_render.h; sourceTree = "<group>"; };
		954356BD1982A44600A0CECD /* cweb.h */ = {isa = PBXFileReference; fileEncoding = 4; lastKnownFileType = sourcecode.c.h; name = cweb.h; path = cweb/cweb.h; sourceTree = "<group>"; };
		9543575119866EDA00A0CECD /* makefile */ = {isa = PBXFileReference; fileEncoding = 4; lastKnownFileType = sourcecode.make; path = makefile; sourceTree = SOURCE_ROOT; };
/* End PBXFileReference section */

/* Begin PBXFrameworksBuildPhase section */
		9514FD4B1982A2DE006376F7 /* Frameworks */ = {
			isa = PBXFrameworksBuildPhase;
			buildActionMask = 2147483647;
			files = (
			);
			runOnlyForDeploymentPostprocessing = 0;
		};
/* End PBXFrameworksBuildPhase section */

/* Begin PBXGroup section */
		9514FD451982A2DE006376F7 = {
			isa = PBXGroup;
			children = (
				9514FD501982A2DE006376F7 /* yutoridoor */,
				9543569D1982A40B00A0CECD /* Libs */,
				9514FD4F1982A2DE006376F7 /* Products */,
			);
			sourceTree = "<group>";
		};
		9514FD4F1982A2DE006376F7 /* Products */ = {
			isa = PBXGroup;
			children = (
				9514FD4E1982A2DE006376F7 /* yutoridoor */,
			);
			name = Products;
			sourceTree = "<group>";
		};
		9514FD501982A2DE006376F7 /* yutoridoor */ = {
			isa = PBXGroup;
			children = (
				9543575119866EDA00A0CECD /* makefile */,
				9543569B1982A32900A0CECD /* main.c */,
			);
			path = yutoridoor;
			sourceTree = "<group>";
		};
		9543569D1982A40B00A0CECD /* Libs */ = {
			isa = PBXGroup;
			children = (
				954356B41982A43100A0CECD /* cweb */,
			);
			name = Libs;
			sourceTree = "<group>";
		};
		954356B41982A43100A0CECD /* cweb */ = {
			isa = PBXGroup;
			children = (
				954356B51982A44600A0CECD /* cweb_http.c */,
				954356B61982A44600A0CECD /* cweb_http.h */,
				954356B71982A44600A0CECD /* cweb_main.c */,
				954356B81982A44600A0CECD /* cweb_main.h */,
				954356B91982A44600A0CECD /* cweb_object.c */,
				954356BA1982A44600A0CECD /* cweb_object.h */,
				954356BB1982A44600A0CECD /* cweb_render.c */,
				954356BC1982A44600A0CECD /* cweb_render.h */,
				954356BD1982A44600A0CECD /* cweb.h */,
			);
			name = cweb;
			sourceTree = "<group>";
		};
/* End PBXGroup section */

/* Begin PBXNativeTarget section */
		9514FD4D1982A2DE006376F7 /* yutoridoor */ = {
			isa = PBXNativeTarget;
			buildConfigurationList = 9514FD571982A2DE006376F7 /* Build configuration list for PBXNativeTarget "yutoridoor" */;
			buildPhases = (
				9514FD4A1982A2DE006376F7 /* Sources */,
				9514FD4B1982A2DE006376F7 /* Frameworks */,
				9514FD4C1982A2DE006376F7 /* CopyFiles */,
			);
			buildRules = (
			);
			dependencies = (
			);
			name = yutoridoor;
			productName = yutoridoor;
			productReference = 9514FD4E1982A2DE006376F7 /* yutoridoor */;
			productType = "com.apple.product-type.tool";
		};
/* End PBXNativeTarget section */

/* Begin PBXProject section */
		9514FD461982A2DE006376F7 /* Project object */ = {
			isa = PBXProject;
			attributes = {
				LastUpgradeCheck = 0510;
				ORGANIZATIONNAME = "yuki-sato";
			};
			buildConfigurationList = 9514FD491982A2DE006376F7 /* Build configuration list for PBXProject "yutoridoor" */;
			compatibilityVersion = "Xcode 3.2";
			developmentRegion = English;
			hasScannedForEncodings = 0;
			knownRegions = (
				en,
			);
			mainGroup = 9514FD451982A2DE006376F7;
			productRefGroup = 9514FD4F1982A2DE006376F7 /* Products */;
			projectDirPath = "";
			projectRoot = "";
			targets = (
				9514FD4D1982A2DE006376F7 /* yutoridoor */,
			);
		};
/* End PBXProject section */

/* Begin PBXSourcesBuildPhase section */
		9514FD4A1982A2DE006376F7 /* Sources */ = {
			isa = PBXSourcesBuildPhase;
			buildActionMask = 2147483647;
			files = (
				954356BF1982A44600A0CECD /* cweb_main.c in Sources */,
				954356C01982A44600A0CECD /* cweb_object.c in Sources */,
				9543575219866EDA00A0CECD /* makefile in Sources */,
				954356BE1982A44600A0CECD /* cweb_http.c in Sources */,
				9543569C1982A32900A0CECD /* main.c in Sources */,
				954356C11982A44600A0CECD /* cweb_render.c in Sources */,
			);
			runOnlyForDeploymentPostprocessing = 0;
		};
/* End PBXSourcesBuildPhase section */

/* Begin XCBuildConfiguration section */
		9514FD551982A2DE006376F7 /* Debug */ = {
			isa = XCBuildConfiguration;
			buildSettings = {
				ALWAYS_SEARCH_USER_PATHS = NO;
				CLANG_CXX_LANGUAGE_STANDARD = "gnu++0x";
				CLANG_CXX_LIBRARY = "libc++";
				CLANG_ENABLE_MODULES = YES;
				CLANG_ENABLE_OBJC_ARC = YES;
				CLANG_WARN_BOOL_CONVERSION = YES;
				CLANG_WARN_CONSTANT_CONVERSION = YES;
				CLANG_WARN_DIRECT_OBJC_ISA_USAGE = YES_ERROR;
				CLANG_WARN_EMPTY_BODY = YES;
				CLANG_WARN_ENUM_CONVERSION = YES;
				CLANG_WARN_INT_CONVERSION = YES;
				CLANG_WARN_OBJC_ROOT_CLASS = YES_ERROR;
				CLANG_WARN__DUPLICATE_METHOD_MATCH = YES;
				COPY_PHASE_STRIP = NO;
				GCC_C_LANGUAGE_STANDARD = gnu99;
				GCC_DYNAMIC_NO_PIC = NO;
				GCC_ENABLE_OBJC_EXCEPTIONS = YES;
				GCC_OPTIMIZATION_LEVEL = 0;
				GCC_PREPROCESSOR_DEFINITIONS = (
					"DEBUG=1",
					"$(inherited)",
				);
				GCC_SYMBOLS_PRIVATE_EXTERN = NO;
				GCC_WARN_64_TO_32_BIT_CONVERSION = YES;
				GCC_WARN_ABOUT_RETURN_TYPE = YES_ERROR;
				GCC_WARN_UNDECLARED_SELECTOR = YES;
				GCC_WARN_UNINITIALIZED_AUTOS = YES_AGGRESSIVE;
				GCC_WARN_UNUSED_FUNCTION = YES;
				GCC_WARN_UNUSED_VARIABLE = YES;
				MACOSX_DEPLOYMENT_TARGET = 10.9;
				ONLY_ACTIVE_ARCH = YES;
				SDKROOT = macosx;
			};
			name = Debug;
		};
		9514FD561982A2DE006376F7 /* Release */ = {
			isa = XCBuildConfiguration;
			buildSettings = {
				ALWAYS_SEARCH_USER_PATHS = NO;
				CLANG_CXX_LANGUAGE_STANDARD = "gnu++0x";
				CLANG_CXX_LIBRARY = "libc++";
				CLANG_ENABLE_MODULES = YES;
				CLANG_ENABLE_OBJC_ARC = YES;
				CLANG_WARN_BOOL_CONVERSION = YES;
				CLANG_WARN_CONSTANT_CONVERSION = YES;
				CLANG_WARN_DIRECT_OBJC_ISA_USAGE = YES_ERROR;
				CLANG_WARN_EMPTY_BODY = YES;
				CLANG_WARN_ENUM_CONVERSION = YES;
				CLANG_WARN_INT_CONVERSION = YES;
				CLANG_WARN_OBJC_ROOT_CLASS = YES_ERROR;
				CLANG_WARN__DUPLICATE_METHOD_MATCH = YES;
				COPY_PHASE_STRIP = YES;
				DEBUG_INFORMATION_FORMAT = "dwarf-with-dsym";
				ENABLE_NS_ASSERTIONS = NO;
				GCC_C_LANGUAGE_STANDARD = gnu99;
				GCC_ENABLE_OBJC_EXCEPTIONS = YES;
				GCC_WARN_64_TO_32_BIT_CONVERSION = YES;
				GCC_WARN_ABOUT_RETURN_TYPE = YES_ERROR;
				GCC_WARN_UNDECLARED_SELECTOR = YES;
				GCC_WARN_UNINITIALIZED_AUTOS = YES_AGGRESSIVE;
				GCC_WARN_UNUSED_FUNCTION = YES;
				GCC_WARN_UNUSED_VARIABLE = YES;
				MACOSX_DEPLOYMENT_TARGET = 10.9;
				SDKROOT = macosx;
			};
			name = Release;
		};
		9514FD581982A2DE006376F7 /* Debug */ = {
			isa = XCBuildConfiguration;
			buildSettings = {
				PRODUCT_NAME = "$(TARGET_NAME)";
			};
			name = Debug;
		};
		9514FD591982A2DE006376F7 /* Release */ = {
			isa = XCBuildConfiguration;
			buildSettings = {
				PRODUCT_NAME = "$(TARGET_NAME)";
			};
			name = Release;
		};
/* End XCBuildConfiguration section */

/* Begin XCConfigurationList section */
		9514FD491982A2DE006376F7 /* Build configuration list for PBXProject "yutoridoor" */ = {
			isa = XCConfigurationList;
			buildConfigurations = (
				9514FD551982A2DE006376F7 /* Debug */,
				9514FD561982A2DE006376F7 /* Release */,
			);
			defaultConfigurationIsVisible = 0;
			defaultConfigurationName = Release;
		};
		9514FD571982A2DE006376F7 /* Build configuration list for PBXNativeTarget "yutoridoor" */ = {
			isa = XCConfigurationList;
			buildConfigurations = (
				9514FD581982A2DE006376F7 /* Debug */,
				9514FD591982A2DE006376F7 /* Release */,
			);
			defaultConfigurationIsVisible = 0;
			defaultConfigurationName = Release;
		};
/* End XCConfigurationList section */
	};
	rootObject = 9514FD461982A2DE006376F7 /* Project object */;
}
